schema: '2.0'
stages:
  preprocessing:
    cmd: python src/preprocessing_augmentation.py
    deps:
    - path: FER2013
      md5: b6910479739fa96a856a29d050673974.dir
      size: 22473
      nfiles: 14
    params:
      params.yaml:
        prepare_phase.seed: 42
    outs:
    - path: data/preprocessed
      md5: b6910479739fa96a856a29d050673974.dir
      size: 22473
      nfiles: 14
  train:
    cmd: python src/train.py
    deps:
    - path: data/preprocessed
      md5: b6910479739fa96a856a29d050673974.dir
      size: 22473
      nfiles: 14
    - path: src/train.py
      md5: 9dbd58d8bd1fa488a497bf50a40ea2df
      size: 3472
    params:
      params.yaml:
        train.batch_size: 1
        train.decay: 1e-06
        train.learning_rate: 0.0001
        train.n_epoch: 2
        train.seed: 142
    outs:
    - path: model/emotion_model.h5
      md5: 611c6666ca1291e31da325d86efcc038
      size: 9413600
    - path: model/emotion_model.json
      md5: bd937d28dad34290b51c6fb6a5f0f908
      size: 4590
  evaluation:
    cmd: python src/evaluation.py
    deps:
    - path: data/preprocessed
      md5: b6910479739fa96a856a29d050673974.dir
      size: 22473
      nfiles: 14
    - path: model/emotion_model.h5
      md5: 611c6666ca1291e31da325d86efcc038
      size: 9413600
    - path: model/emotion_model.json
      md5: bd937d28dad34290b51c6fb6a5f0f908
      size: 4590
    params:
      params.yaml:
        test.seed: 145
